{
  "name": "x12-parser-test",
  "version": "1.0.0",
  "lockfileVersion": 3,
  "requires": true,
  "packages": {
    "": {
      "name": "x12-parser-test",
      "version": "1.0.0",
      "license": "ISC",
      "dependencies": {
        "fs": "^0.0.1-security",
        "node-x12-edi": "^1.0.14"
      }
    },
    "node_modules/fs": {
      "version": "0.0.1-security",
      "resolved": "https://registry.npmjs.org/fs/-/fs-0.0.1-security.tgz",
      "integrity": "sha512-3XY9e1pP0CVEUCdj5BmfIZxRBTSDycnbqhIOGec9QYtmVH2fbLpj86CFWkrNOkt/Fvty4KZG5lTglL9j/gJ87w==",
      "license": "ISC"
    },
    "node_modules/node-x12-edi": {
      "version": "1.0.14",
      "resolved": "https://registry.npmjs.org/node-x12-edi/-/node-x12-edi-1.0.14.tgz",
      "integrity": "sha512-vDqLLu7hptUer86LJIJshXnFkKmwpWLa+Jha6An0T61r36GFK5bz2PFo9tfzC+q5LnqEbCN2wC7ixChL1HWZYg==",
      "license": "MIT"
    }
  }
}
